
Microsoft Visual Studio Solution File, Format Version 12.00
# Visual Studio Version 17
VisualStudioVersion = 17.5.33414.496
MinimumVisualStudioVersion = 10.0.40219.1
Project("{FAE04EC0-301F-11D3-BF4B-00C04F79EFBC}") = "tamrin1(3)", "tamrin1(3)\tamrin1(3).csproj", "{21C2B8FC-C87E-493C-9A76-6298F2CC1791}"
EndProject
Global
	GlobalSection(SolutionConfigurationPlatforms) = preSolution
		Debug|Any CPU = Debug|Any CPU
		Release|Any CPU = Release|Any CPU
	EndGlobalSection
	GlobalSection(ProjectConfigurationPlatforms) = postSolution
		{21C2B8FC-C87E-493C-9A76-6298F2CC1791}.Debug|Any CPU.ActiveCfg = Debug|Any CPU
		{21C2B8FC-C87E-493C-9A76-6298F2CC1791}.Debug|Any CPU.Build.0 = Debug|Any CPU
		{21C2B8FC-C87E-493C-9A76-6298F2CC1791}.Release|Any CPU.ActiveCfg = Release|Any CPU
		{21C2B8FC-C87E-493C-9A76-6298F2CC1791}.Release|Any CPU.Build.0 = Release|Any CPU
	EndGlobalSection
	GlobalSection(SolutionProperties) = preSolution
		HideSolutionNode = FALSE
	EndGlobalSection
	GlobalSection(ExtensibilityGlobals) = postSolution
		SolutionGuid = {8B313B30-8CE1-4893-AB54-FD2F968B1A74}
	EndGlobalSection
EndGlobal
